
Microsoft Visual Studio Solution File, Format Version 12.00
# Visual Studio Version 17
VisualStudioVersion = 17.7.34003.232
MinimumVisualStudioVersion = 10.0.40219.1
Project("{FAE04EC0-301F-11D3-BF4B-00C04F79EFBC}") = "Practica2", "Practica2.csproj", "{76AB8030-C15A-4977-B22F-90F276FF322E}"
EndProject
Project("{FAE04EC0-301F-11D3-BF4B-00C04F79EFBC}") = "Practica2Tests1", "..\Practica2Tests1\Practica2Tests1.csproj", "{920B6BBF-5D6E-42C1-8F67-6650527ED9E0}"
EndProject
Global
	GlobalSection(SolutionConfigurationPlatforms) = preSolution
		Debug|Any CPU = Debug|Any CPU
		Release|Any CPU = Release|Any CPU
	EndGlobalSection
	GlobalSection(ProjectConfigurationPlatforms) = postSolution
		{76AB8030-C15A-4977-B22F-90F276FF322E}.Debug|Any CPU.ActiveCfg = Debug|Any CPU
		{76AB8030-C15A-4977-B22F-90F276FF322E}.Debug|Any CPU.Build.0 = Debug|Any CPU
		{76AB8030-C15A-4977-B22F-90F276FF322E}.Release|Any CPU.ActiveCfg = Release|Any CPU
		{76AB8030-C15A-4977-B22F-90F276FF322E}.Release|Any CPU.Build.0 = Release|Any CPU
		{920B6BBF-5D6E-42C1-8F67-6650527ED9E0}.Debug|Any CPU.ActiveCfg = Debug|Any CPU
		{920B6BBF-5D6E-42C1-8F67-6650527ED9E0}.Debug|Any CPU.Build.0 = Debug|Any CPU
		{920B6BBF-5D6E-42C1-8F67-6650527ED9E0}.Release|Any CPU.ActiveCfg = Release|Any CPU
		{920B6BBF-5D6E-42C1-8F67-6650527ED9E0}.Release|Any CPU.Build.0 = Release|Any CPU
	EndGlobalSection
	GlobalSection(SolutionProperties) = preSolution
		HideSolutionNode = FALSE
	EndGlobalSection
	GlobalSection(ExtensibilityGlobals) = postSolution
		SolutionGuid = {794A8CC3-F7B9-476C-8381-78228801E964}
	EndGlobalSection
EndGlobal
